
Microsoft Visual Studio Solution File, Format Version 12.00
# Visual Studio Version 17
VisualStudioVersion = 17.0.31903.59
MinimumVisualStudioVersion = 10.0.40219.1
Project("{FAE04EC0-301F-11D3-BF4B-00C04F79EFBC}") = "log-worker", "log-worker\log-worker.csproj", "{583DB5CB-3441-4345-B178-612C139777A1}"
EndProject
Project("{2150E333-8FDC-42A3-9474-1A3956D46DE8}") = "additional", "additional", "{3AC55331-09C8-4C01-8756-F7B856B1143F}"
	ProjectSection(SolutionItems) = preProject
		docker-compose.yml = docker-compose.yml
		.dockerignore = .dockerignore
		.env = .env
		README.md = README.md
	EndProjectSection
EndProject
Global
	GlobalSection(SolutionConfigurationPlatforms) = preSolution
		Debug|Any CPU = Debug|Any CPU
		Release|Any CPU = Release|Any CPU
	EndGlobalSection
	GlobalSection(SolutionProperties) = preSolution
		HideSolutionNode = FALSE
	EndGlobalSection
	GlobalSection(ProjectConfigurationPlatforms) = postSolution
		{583DB5CB-3441-4345-B178-612C139777A1}.Debug|Any CPU.ActiveCfg = Debug|Any CPU
		{583DB5CB-3441-4345-B178-612C139777A1}.Debug|Any CPU.Build.0 = Debug|Any CPU
		{583DB5CB-3441-4345-B178-612C139777A1}.Release|Any CPU.ActiveCfg = Release|Any CPU
		{583DB5CB-3441-4345-B178-612C139777A1}.Release|Any CPU.Build.0 = Release|Any CPU
	EndGlobalSection
EndGlobal
